
Microsoft Visual Studio Solution File, Format Version 12.00
# Visual Studio Version 16
VisualStudioVersion = 16.0.31112.23
MinimumVisualStudioVersion = 10.0.40219.1
Project("{9A19103F-16F7-4668-BE54-9A1E7A4F7556}") = "ps_310_BethanysPieShopHRM.Api", "ps_310_BethanysPieShopHRM.Api\ps_310_BethanysPieShopHRM.Api.csproj", "{2D7AC10D-B35C-4AF2-9644-D9BB3A1BABEA}"
EndProject
Project("{9A19103F-16F7-4668-BE54-9A1E7A4F7556}") = "ps_310_BethanysPieShopHRM.Server", "ps_310_BethanysPieShopHRM.Server\ps_310_BethanysPieShopHRM.Server.csproj", "{A241EE6A-6999-456F-BF55-41A37C324B9F}"
EndProject
Project("{9A19103F-16F7-4668-BE54-9A1E7A4F7556}") = "ps_310_BethanysPieShopHRM.Client", "ps_310_BethanysPieShopHRM.Client\ps_310_BethanysPieShopHRM.Client.csproj", "{95B587C8-3F38-48BB-8426-12CC845439AA}"
EndProject
Project("{2150E333-8FDC-42A3-9474-1A3956D46DE8}") = "NewFolder1", "NewFolder1", "{EB359DAA-4CB1-4A1A-9EB4-F69A911AA68E}"
	ProjectSection(SolutionItems) = preProject
		.github\workflows\main_ps-310-bethanyspieshophrmapi20210512.yml = .github\workflows\main_ps-310-bethanyspieshophrmapi20210512.yml
	EndProjectSection
EndProject
Project("{9A19103F-16F7-4668-BE54-9A1E7A4F7556}") = "ps_310_BethanysPieShopHRM.Shared", "ps_310_BethanysPieShopHRM.Shared\ps_310_BethanysPieShopHRM.Shared.csproj", "{7A2C3D71-60CA-4C1A-A986-B4CF87AF82D2}"
EndProject
Project("{9A19103F-16F7-4668-BE54-9A1E7A4F7556}") = "ps_310_BethanysPieShopHRM.ComponentsLibrary", "ps_310_BethanysPieShopHRM.ComponentsLibrary\ps_310_BethanysPieShopHRM.ComponentsLibrary.csproj", "{723C8BDB-62C3-4974-A28B-F543231D868D}"
EndProject
Project("{9A19103F-16F7-4668-BE54-9A1E7A4F7556}") = "ps_310_BethanysPieShopHRM.App", "ps_310_BethanysPieShopHRM.App\ps_310_BethanysPieShopHRM.App.csproj", "{43068A6A-25A3-4EBB-BCA6-5A7BAEF761A2}"
EndProject
Project("{9A19103F-16F7-4668-BE54-9A1E7A4F7556}") = "ps_310_BethanysPieShopHRM.App_BEFORECONVERSION", "ps_310_BethanysPieShopHRM.App_BEFORECONVERSION\ps_310_BethanysPieShopHRM.App_BEFORECONVERSION.csproj", "{11F00A83-1540-4CD9-9DEC-B33D67035D8C}"
EndProject
Global
	GlobalSection(SolutionConfigurationPlatforms) = preSolution
		Debug|Any CPU = Debug|Any CPU
		Release|Any CPU = Release|Any CPU
	EndGlobalSection
	GlobalSection(ProjectConfigurationPlatforms) = postSolution
		{2D7AC10D-B35C-4AF2-9644-D9BB3A1BABEA}.Debug|Any CPU.ActiveCfg = Debug|Any CPU
		{2D7AC10D-B35C-4AF2-9644-D9BB3A1BABEA}.Debug|Any CPU.Build.0 = Debug|Any CPU
		{2D7AC10D-B35C-4AF2-9644-D9BB3A1BABEA}.Release|Any CPU.ActiveCfg = Release|Any CPU
		{2D7AC10D-B35C-4AF2-9644-D9BB3A1BABEA}.Release|Any CPU.Build.0 = Release|Any CPU
		{A241EE6A-6999-456F-BF55-41A37C324B9F}.Debug|Any CPU.ActiveCfg = Debug|Any CPU
		{A241EE6A-6999-456F-BF55-41A37C324B9F}.Debug|Any CPU.Build.0 = Debug|Any CPU
		{A241EE6A-6999-456F-BF55-41A37C324B9F}.Release|Any CPU.ActiveCfg = Release|Any CPU
		{A241EE6A-6999-456F-BF55-41A37C324B9F}.Release|Any CPU.Build.0 = Release|Any CPU
		{95B587C8-3F38-48BB-8426-12CC845439AA}.Debug|Any CPU.ActiveCfg = Debug|Any CPU
		{95B587C8-3F38-48BB-8426-12CC845439AA}.Debug|Any CPU.Build.0 = Debug|Any CPU
		{95B587C8-3F38-48BB-8426-12CC845439AA}.Release|Any CPU.ActiveCfg = Release|Any CPU
		{95B587C8-3F38-48BB-8426-12CC845439AA}.Release|Any CPU.Build.0 = Release|Any CPU
		{7A2C3D71-60CA-4C1A-A986-B4CF87AF82D2}.Debug|Any CPU.ActiveCfg = Debug|Any CPU
		{7A2C3D71-60CA-4C1A-A986-B4CF87AF82D2}.Debug|Any CPU.Build.0 = Debug|Any CPU
		{7A2C3D71-60CA-4C1A-A986-B4CF87AF82D2}.Release|Any CPU.ActiveCfg = Release|Any CPU
		{7A2C3D71-60CA-4C1A-A986-B4CF87AF82D2}.Release|Any CPU.Build.0 = Release|Any CPU
		{723C8BDB-62C3-4974-A28B-F543231D868D}.Debug|Any CPU.ActiveCfg = Debug|Any CPU
		{723C8BDB-62C3-4974-A28B-F543231D868D}.Debug|Any CPU.Build.0 = Debug|Any CPU
		{723C8BDB-62C3-4974-A28B-F543231D868D}.Release|Any CPU.ActiveCfg = Release|Any CPU
		{723C8BDB-62C3-4974-A28B-F543231D868D}.Release|Any CPU.Build.0 = Release|Any CPU
		{43068A6A-25A3-4EBB-BCA6-5A7BAEF761A2}.Debug|Any CPU.ActiveCfg = Debug|Any CPU
		{43068A6A-25A3-4EBB-BCA6-5A7BAEF761A2}.Debug|Any CPU.Build.0 = Debug|Any CPU
		{43068A6A-25A3-4EBB-BCA6-5A7BAEF761A2}.Release|Any CPU.ActiveCfg = Release|Any CPU
		{43068A6A-25A3-4EBB-BCA6-5A7BAEF761A2}.Release|Any CPU.Build.0 = Release|Any CPU
		{11F00A83-1540-4CD9-9DEC-B33D67035D8C}.Debug|Any CPU.ActiveCfg = Debug|Any CPU
		{11F00A83-1540-4CD9-9DEC-B33D67035D8C}.Debug|Any CPU.Build.0 = Debug|Any CPU
		{11F00A83-1540-4CD9-9DEC-B33D67035D8C}.Release|Any CPU.ActiveCfg = Release|Any CPU
		{11F00A83-1540-4CD9-9DEC-B33D67035D8C}.Release|Any CPU.Build.0 = Release|Any CPU
	EndGlobalSection
	GlobalSection(SolutionProperties) = preSolution
		HideSolutionNode = FALSE
	EndGlobalSection
	GlobalSection(ExtensibilityGlobals) = postSolution
		SolutionGuid = {2B566D00-303F-47CD-88DA-D9F95920590E}
	EndGlobalSection
EndGlobal
